
Microsoft Visual Studio Solution File, Format Version 12.00
Project("{FAE04EC0-301F-11D3-BF4B-00C04F79EFBC}") = "SignInWithAppleXamarin", "SignInWithAppleXamarin\SignInWithAppleXamarin.csproj", "{F34AEE4F-1765-4569-9CED-7258BAB52FE6}"
EndProject
Project("{FAE04EC0-301F-11D3-BF4B-00C04F79EFBC}") = "SignInWithAppleXamarin.iOS", "SignInWithAppleXamarin.iOS\SignInWithAppleXamarin.iOS.csproj", "{7E7AF14C-1502-4FAF-874B-267E34BA1090}"
EndProject
Global
	GlobalSection(SolutionConfigurationPlatforms) = preSolution
		Ad-Hoc|iPhone = Ad-Hoc|iPhone
		AppStore|iPhone = AppStore|iPhone
		Debug|Any CPU = Debug|Any CPU
		Debug|iPhone = Debug|iPhone
		Debug|iPhoneSimulator = Debug|iPhoneSimulator
		Release|Any CPU = Release|Any CPU
		Release|iPhone = Release|iPhone
		Release|iPhoneSimulator = Release|iPhoneSimulator
	EndGlobalSection
	GlobalSection(ProjectConfigurationPlatforms) = postSolution
		{F34AEE4F-1765-4569-9CED-7258BAB52FE6}.Ad-Hoc|iPhone.ActiveCfg = Debug|Any CPU
		{F34AEE4F-1765-4569-9CED-7258BAB52FE6}.Ad-Hoc|iPhone.Build.0 = Debug|Any CPU
		{F34AEE4F-1765-4569-9CED-7258BAB52FE6}.AppStore|iPhone.ActiveCfg = Debug|Any CPU
		{F34AEE4F-1765-4569-9CED-7258BAB52FE6}.AppStore|iPhone.Build.0 = Debug|Any CPU
		{F34AEE4F-1765-4569-9CED-7258BAB52FE6}.Debug|Any CPU.ActiveCfg = Debug|Any CPU
		{F34AEE4F-1765-4569-9CED-7258BAB52FE6}.Debug|Any CPU.Build.0 = Debug|Any CPU
		{F34AEE4F-1765-4569-9CED-7258BAB52FE6}.Debug|iPhone.ActiveCfg = Debug|Any CPU
		{F34AEE4F-1765-4569-9CED-7258BAB52FE6}.Debug|iPhone.Build.0 = Debug|Any CPU
		{F34AEE4F-1765-4569-9CED-7258BAB52FE6}.Debug|iPhoneSimulator.ActiveCfg = Debug|Any CPU
		{F34AEE4F-1765-4569-9CED-7258BAB52FE6}.Debug|iPhoneSimulator.Build.0 = Debug|Any CPU
		{F34AEE4F-1765-4569-9CED-7258BAB52FE6}.Release|Any CPU.ActiveCfg = Release|Any CPU
		{F34AEE4F-1765-4569-9CED-7258BAB52FE6}.Release|Any CPU.Build.0 = Release|Any CPU
		{F34AEE4F-1765-4569-9CED-7258BAB52FE6}.Release|iPhone.ActiveCfg = Release|Any CPU
		{F34AEE4F-1765-4569-9CED-7258BAB52FE6}.Release|iPhone.Build.0 = Release|Any CPU
		{F34AEE4F-1765-4569-9CED-7258BAB52FE6}.Release|iPhoneSimulator.ActiveCfg = Release|Any CPU
		{F34AEE4F-1765-4569-9CED-7258BAB52FE6}.Release|iPhoneSimulator.Build.0 = Release|Any CPU
		{7E7AF14C-1502-4FAF-874B-267E34BA1090}.Ad-Hoc|iPhone.ActiveCfg = Ad-Hoc|iPhone
		{7E7AF14C-1502-4FAF-874B-267E34BA1090}.Ad-Hoc|iPhone.Build.0 = Ad-Hoc|iPhone
		{7E7AF14C-1502-4FAF-874B-267E34BA1090}.Ad-Hoc|iPhone.Deploy.0 = Ad-Hoc|iPhone
		{7E7AF14C-1502-4FAF-874B-267E34BA1090}.AppStore|iPhone.ActiveCfg = AppStore|iPhone
		{7E7AF14C-1502-4FAF-874B-267E34BA1090}.AppStore|iPhone.Build.0 = AppStore|iPhone
		{7E7AF14C-1502-4FAF-874B-267E34BA1090}.AppStore|iPhone.Deploy.0 = AppStore|iPhone
		{7E7AF14C-1502-4FAF-874B-267E34BA1090}.Debug|Any CPU.ActiveCfg = Debug|iPhoneSimulator
		{7E7AF14C-1502-4FAF-874B-267E34BA1090}.Debug|Any CPU.Build.0 = Debug|iPhoneSimulator
		{7E7AF14C-1502-4FAF-874B-267E34BA1090}.Debug|Any CPU.Deploy.0 = Debug|iPhoneSimulator
		{7E7AF14C-1502-4FAF-874B-267E34BA1090}.Debug|iPhone.ActiveCfg = Debug|iPhone
		{7E7AF14C-1502-4FAF-874B-267E34BA1090}.Debug|iPhone.Build.0 = Debug|iPhone
		{7E7AF14C-1502-4FAF-874B-267E34BA1090}.Debug|iPhone.Deploy.0 = Debug|iPhone
		{7E7AF14C-1502-4FAF-874B-267E34BA1090}.Debug|iPhoneSimulator.ActiveCfg = Debug|iPhoneSimulator
		{7E7AF14C-1502-4FAF-874B-267E34BA1090}.Debug|iPhoneSimulator.Build.0 = Debug|iPhoneSimulator
		{7E7AF14C-1502-4FAF-874B-267E34BA1090}.Debug|iPhoneSimulator.Deploy.0 = Debug|iPhoneSimulator
		{7E7AF14C-1502-4FAF-874B-267E34BA1090}.Release|Any CPU.ActiveCfg = Release|iPhoneSimulator
		{7E7AF14C-1502-4FAF-874B-267E34BA1090}.Release|Any CPU.Build.0 = Release|iPhoneSimulator
		{7E7AF14C-1502-4FAF-874B-267E34BA1090}.Release|Any CPU.Deploy.0 = Release|iPhoneSimulator
		{7E7AF14C-1502-4FAF-874B-267E34BA1090}.Release|iPhone.ActiveCfg = Release|iPhone
		{7E7AF14C-1502-4FAF-874B-267E34BA1090}.Release|iPhone.Build.0 = Release|iPhone
		{7E7AF14C-1502-4FAF-874B-267E34BA1090}.Release|iPhone.Deploy.0 = Release|iPhone
		{7E7AF14C-1502-4FAF-874B-267E34BA1090}.Release|iPhoneSimulator.ActiveCfg = Release|iPhoneSimulator
		{7E7AF14C-1502-4FAF-874B-267E34BA1090}.Release|iPhoneSimulator.Build.0 = Release|iPhoneSimulator
		{7E7AF14C-1502-4FAF-874B-267E34BA1090}.Release|iPhoneSimulator.Deploy.0 = Release|iPhoneSimulator
	EndGlobalSection
EndGlobal
